Microsoft Visual Studio Solution File, Format Version 12.00
# Visual Studio 2012
Project("{FAE04EC0-301F-11D3-BF4B-00C04F79EFBC}") = "ProyectoInventario", "ProyectoInventario.csproj", "{3C564807-5F4B-401B-BF97-77A09A5066F8}"
EndProject
Global
	GlobalSection(SolutionConfigurationPlatforms) = preSolution
	Debug|Any CPU = Debug|Any CPU
	ExportDebug|Any CPU = ExportDebug|Any CPU
	ExportRelease|Any CPU = ExportRelease|Any CPU
	EndGlobalSection
	GlobalSection(ProjectConfigurationPlatforms) = postSolution
		{3C564807-5F4B-401B-BF97-77A09A5066F8}.Debug|Any CPU.ActiveCfg = Debug|Any CPU
		{3C564807-5F4B-401B-BF97-77A09A5066F8}.Debug|Any CPU.Build.0 = Debug|Any CPU
		{3C564807-5F4B-401B-BF97-77A09A5066F8}.ExportDebug|Any CPU.ActiveCfg = ExportDebug|Any CPU
		{3C564807-5F4B-401B-BF97-77A09A5066F8}.ExportDebug|Any CPU.Build.0 = ExportDebug|Any CPU
		{3C564807-5F4B-401B-BF97-77A09A5066F8}.ExportRelease|Any CPU.ActiveCfg = ExportRelease|Any CPU
		{3C564807-5F4B-401B-BF97-77A09A5066F8}.ExportRelease|Any CPU.Build.0 = ExportRelease|Any CPU
	EndGlobalSection
EndGlobal
